
Microsoft Visual Studio Solution File, Format Version 12.00
# Visual Studio Version 16
VisualStudioVersion = 16.0.31129.286
MinimumVisualStudioVersion = 10.0.40219.1
Project("{FAE04EC0-301F-11D3-BF4B-00C04F79EFBC}") = "MySpectrumApp.Android", "MySpectrumApp.Android\MySpectrumApp.Android.csproj", "{B2E13FEC-657B-47BA-BB46-500BBC20F4A2}"
EndProject
Project("{FAE04EC0-301F-11D3-BF4B-00C04F79EFBC}") = "MySpectrumApp.iOS", "MySpectrumApp.iOS\MySpectrumApp.iOS.csproj", "{092CF19D-E05E-46CA-84BC-F37E5DBAAC0C}"
	ProjectSection(ProjectDependencies) = postProject
		{B2E13FEC-657B-47BA-BB46-500BBC20F4A2} = {B2E13FEC-657B-47BA-BB46-500BBC20F4A2}
	EndProjectSection
EndProject
Project("{9A19103F-16F7-4668-BE54-9A1E7A4F7556}") = "MySpectrumApp", "MySpectrumApp\MySpectrumApp.csproj", "{5F450D4B-290F-476E-82AB-4476E9B523C4}"
EndProject
Global
	GlobalSection(SolutionConfigurationPlatforms) = preSolution
		Debug|Any CPU = Debug|Any CPU
		Debug|iPhone = Debug|iPhone
		Debug|iPhoneSimulator = Debug|iPhoneSimulator
		Release|Any CPU = Release|Any CPU
		Release|iPhone = Release|iPhone
		Release|iPhoneSimulator = Release|iPhoneSimulator
	EndGlobalSection
	GlobalSection(ProjectConfigurationPlatforms) = postSolution
		{B2E13FEC-657B-47BA-BB46-500BBC20F4A2}.Debug|Any CPU.ActiveCfg = Debug|Any CPU
		{B2E13FEC-657B-47BA-BB46-500BBC20F4A2}.Debug|Any CPU.Build.0 = Debug|Any CPU
		{B2E13FEC-657B-47BA-BB46-500BBC20F4A2}.Debug|Any CPU.Deploy.0 = Debug|Any CPU
		{B2E13FEC-657B-47BA-BB46-500BBC20F4A2}.Debug|iPhone.ActiveCfg = Debug|Any CPU
		{B2E13FEC-657B-47BA-BB46-500BBC20F4A2}.Debug|iPhone.Build.0 = Debug|Any CPU
		{B2E13FEC-657B-47BA-BB46-500BBC20F4A2}.Debug|iPhone.Deploy.0 = Debug|Any CPU
		{B2E13FEC-657B-47BA-BB46-500BBC20F4A2}.Debug|iPhoneSimulator.ActiveCfg = Debug|Any CPU
		{B2E13FEC-657B-47BA-BB46-500BBC20F4A2}.Debug|iPhoneSimulator.Build.0 = Debug|Any CPU
		{B2E13FEC-657B-47BA-BB46-500BBC20F4A2}.Debug|iPhoneSimulator.Deploy.0 = Debug|Any CPU
		{B2E13FEC-657B-47BA-BB46-500BBC20F4A2}.Release|Any CPU.ActiveCfg = Release|Any CPU
		{B2E13FEC-657B-47BA-BB46-500BBC20F4A2}.Release|Any CPU.Build.0 = Release|Any CPU
		{B2E13FEC-657B-47BA-BB46-500BBC20F4A2}.Release|Any CPU.Deploy.0 = Release|Any CPU
		{B2E13FEC-657B-47BA-BB46-500BBC20F4A2}.Release|iPhone.ActiveCfg = Release|Any CPU
		{B2E13FEC-657B-47BA-BB46-500BBC20F4A2}.Release|iPhone.Build.0 = Release|Any CPU
		{B2E13FEC-657B-47BA-BB46-500BBC20F4A2}.Release|iPhone.Deploy.0 = Release|Any CPU
		{B2E13FEC-657B-47BA-BB46-500BBC20F4A2}.Release|iPhoneSimulator.ActiveCfg = Release|Any CPU
		{B2E13FEC-657B-47BA-BB46-500BBC20F4A2}.Release|iPhoneSimulator.Build.0 = Release|Any CPU
		{B2E13FEC-657B-47BA-BB46-500BBC20F4A2}.Release|iPhoneSimulator.Deploy.0 = Release|Any CPU
		{092CF19D-E05E-46CA-84BC-F37E5DBAAC0C}.Debug|Any CPU.ActiveCfg = Debug|iPhone
		{092CF19D-E05E-46CA-84BC-F37E5DBAAC0C}.Debug|Any CPU.Build.0 = Debug|iPhone
		{092CF19D-E05E-46CA-84BC-F37E5DBAAC0C}.Debug|Any CPU.Deploy.0 = Debug|iPhone
		{092CF19D-E05E-46CA-84BC-F37E5DBAAC0C}.Debug|iPhone.ActiveCfg = Debug|iPhone
		{092CF19D-E05E-46CA-84BC-F37E5DBAAC0C}.Debug|iPhone.Build.0 = Debug|iPhone
		{092CF19D-E05E-46CA-84BC-F37E5DBAAC0C}.Debug|iPhone.Deploy.0 = Debug|iPhone
		{092CF19D-E05E-46CA-84BC-F37E5DBAAC0C}.Debug|iPhoneSimulator.ActiveCfg = Debug|iPhoneSimulator
		{092CF19D-E05E-46CA-84BC-F37E5DBAAC0C}.Debug|iPhoneSimulator.Build.0 = Debug|iPhoneSimulator
		{092CF19D-E05E-46CA-84BC-F37E5DBAAC0C}.Debug|iPhoneSimulator.Deploy.0 = Debug|iPhoneSimulator
		{092CF19D-E05E-46CA-84BC-F37E5DBAAC0C}.Release|Any CPU.ActiveCfg = Release|iPhoneSimulator
		{092CF19D-E05E-46CA-84BC-F37E5DBAAC0C}.Release|Any CPU.Build.0 = Release|iPhoneSimulator
		{092CF19D-E05E-46CA-84BC-F37E5DBAAC0C}.Release|Any CPU.Deploy.0 = Release|iPhoneSimulator
		{092CF19D-E05E-46CA-84BC-F37E5DBAAC0C}.Release|iPhone.ActiveCfg = Release|iPhone
		{092CF19D-E05E-46CA-84BC-F37E5DBAAC0C}.Release|iPhone.Build.0 = Release|iPhone
		{092CF19D-E05E-46CA-84BC-F37E5DBAAC0C}.Release|iPhone.Deploy.0 = Release|iPhone
		{092CF19D-E05E-46CA-84BC-F37E5DBAAC0C}.Release|iPhoneSimulator.ActiveCfg = Release|iPhoneSimulator
		{092CF19D-E05E-46CA-84BC-F37E5DBAAC0C}.Release|iPhoneSimulator.Build.0 = Release|iPhoneSimulator
		{092CF19D-E05E-46CA-84BC-F37E5DBAAC0C}.Release|iPhoneSimulator.Deploy.0 = Release|iPhoneSimulator
		{5F450D4B-290F-476E-82AB-4476E9B523C4}.Debug|Any CPU.ActiveCfg = Debug|Any CPU
		{5F450D4B-290F-476E-82AB-4476E9B523C4}.Debug|Any CPU.Build.0 = Debug|Any CPU
		{5F450D4B-290F-476E-82AB-4476E9B523C4}.Debug|Any CPU.Deploy.0 = Debug|Any CPU
		{5F450D4B-290F-476E-82AB-4476E9B523C4}.Debug|iPhone.ActiveCfg = Debug|Any CPU
		{5F450D4B-290F-476E-82AB-4476E9B523C4}.Debug|iPhone.Build.0 = Debug|Any CPU
		{5F450D4B-290F-476E-82AB-4476E9B523C4}.Debug|iPhone.Deploy.0 = Debug|Any CPU
		{5F450D4B-290F-476E-82AB-4476E9B523C4}.Debug|iPhoneSimulator.ActiveCfg = Debug|Any CPU
		{5F450D4B-290F-476E-82AB-4476E9B523C4}.Debug|iPhoneSimulator.Build.0 = Debug|Any CPU
		{5F450D4B-290F-476E-82AB-4476E9B523C4}.Debug|iPhoneSimulator.Deploy.0 = Debug|Any CPU
		{5F450D4B-290F-476E-82AB-4476E9B523C4}.Release|Any CPU.ActiveCfg = Release|Any CPU
		{5F450D4B-290F-476E-82AB-4476E9B523C4}.Release|Any CPU.Build.0 = Release|Any CPU
		{5F450D4B-290F-476E-82AB-4476E9B523C4}.Release|Any CPU.Deploy.0 = Release|Any CPU
		{5F450D4B-290F-476E-82AB-4476E9B523C4}.Release|iPhone.ActiveCfg = Release|Any CPU
		{5F450D4B-290F-476E-82AB-4476E9B523C4}.Release|iPhone.Build.0 = Release|Any CPU
		{5F450D4B-290F-476E-82AB-4476E9B523C4}.Release|iPhone.Deploy.0 = Release|Any CPU
		{5F450D4B-290F-476E-82AB-4476E9B523C4}.Release|iPhoneSimulator.ActiveCfg = Release|Any CPU
		{5F450D4B-290F-476E-82AB-4476E9B523C4}.Release|iPhoneSimulator.Build.0 = Release|Any CPU
		{5F450D4B-290F-476E-82AB-4476E9B523C4}.Release|iPhoneSimulator.Deploy.0 = Release|Any CPU
	EndGlobalSection
	GlobalSection(SolutionProperties) = preSolution
		HideSolutionNode = FALSE
	EndGlobalSection
	GlobalSection(ExtensibilityGlobals) = postSolution
		SolutionGuid = {46B6593E-A57E-4290-A7B6-0943FE532CD1}
	EndGlobalSection
EndGlobal
